
Microsoft Visual Studio Solution File, Format Version 12.00
# Visual Studio Version 17
VisualStudioVersion = 17.0.31903.59
MinimumVisualStudioVersion = 10.0.40219.1
Project("{2150E333-8FDC-42A3-9474-1A3956D46DE8}") = "scr", "scr", "{7B1F7112-6746-4F53-B1DF-5CC414C5CA06}"
EndProject
Project("{FAE04EC0-301F-11D3-BF4B-00C04F79EFBC}") = "AuctionService", "scr\AuctionService\AuctionService.csproj", "{3A062304-E358-42A8-94FE-99B3CF92465C}"
EndProject
Global
	GlobalSection(SolutionConfigurationPlatforms) = preSolution
		Debug|Any CPU = Debug|Any CPU
		Release|Any CPU = Release|Any CPU
	EndGlobalSection
	GlobalSection(SolutionProperties) = preSolution
		HideSolutionNode = FALSE
	EndGlobalSection
	GlobalSection(ProjectConfigurationPlatforms) = postSolution
		{3A062304-E358-42A8-94FE-99B3CF92465C}.Debug|Any CPU.ActiveCfg = Debug|Any CPU
		{3A062304-E358-42A8-94FE-99B3CF92465C}.Debug|Any CPU.Build.0 = Debug|Any CPU
		{3A062304-E358-42A8-94FE-99B3CF92465C}.Release|Any CPU.ActiveCfg = Release|Any CPU
		{3A062304-E358-42A8-94FE-99B3CF92465C}.Release|Any CPU.Build.0 = Release|Any CPU
	EndGlobalSection
	GlobalSection(NestedProjects) = preSolution
		{3A062304-E358-42A8-94FE-99B3CF92465C} = {7B1F7112-6746-4F53-B1DF-5CC414C5CA06}
	EndGlobalSection
EndGlobal
